
Microsoft Visual Studio Solution File, Format Version 12.00
# Visual Studio Version 17
VisualStudioVersion = 17.0.31903.59
MinimumVisualStudioVersion = 10.0.40219.1
Project("{FAE04EC0-301F-11D3-BF4B-00C04F79EFBC}") = "BensWorkbench.Extensions", "BensWorkbench.Extensions\BensWorkbench.Extensions.csproj", "{B37ED6DC-7F68-4F87-BE14-8916E7E432B7}"
EndProject
Project("{FAE04EC0-301F-11D3-BF4B-00C04F79EFBC}") = "BensWorkbench.Extensions.Tests", "BensWorkbench.Extensions.Tests\BensWorkbench.Extensions.Tests.csproj", "{541874B3-E397-400E-BEEF-B409416598CE}"
EndProject
Project("{FAE04EC0-301F-11D3-BF4B-00C04F79EFBC}") = "BensWorkbench.Models", "BensWorkbench.Models\BensWorkbench.Models.csproj", "{8B350328-7A5D-4657-A35F-65F0848135EE}"
EndProject
Project("{FAE04EC0-301F-11D3-BF4B-00C04F79EFBC}") = "BensWorkbench.Models.Tests", "BensWorkbench.Models.Tests\BensWorkbench.Models.Tests.csproj", "{05F3986D-E7DE-4593-BDC3-46872C4B7DBD}"
EndProject
Project("{FAE04EC0-301F-11D3-BF4B-00C04F79EFBC}") = "BensWorkbench.Benches", "BensWorkbench.Benches\BensWorkbench.Benches.csproj", "{C58B9DAA-ACAA-4437-A31E-5208F40DEAF3}"
EndProject
Global
	GlobalSection(SolutionConfigurationPlatforms) = preSolution
		Debug|Any CPU = Debug|Any CPU
		Release|Any CPU = Release|Any CPU
	EndGlobalSection
	GlobalSection(SolutionProperties) = preSolution
		HideSolutionNode = FALSE
	EndGlobalSection
	GlobalSection(ProjectConfigurationPlatforms) = postSolution
		{B37ED6DC-7F68-4F87-BE14-8916E7E432B7}.Debug|Any CPU.ActiveCfg = Debug|Any CPU
		{B37ED6DC-7F68-4F87-BE14-8916E7E432B7}.Debug|Any CPU.Build.0 = Debug|Any CPU
		{B37ED6DC-7F68-4F87-BE14-8916E7E432B7}.Release|Any CPU.ActiveCfg = Release|Any CPU
		{B37ED6DC-7F68-4F87-BE14-8916E7E432B7}.Release|Any CPU.Build.0 = Release|Any CPU
		{541874B3-E397-400E-BEEF-B409416598CE}.Debug|Any CPU.ActiveCfg = Debug|Any CPU
		{541874B3-E397-400E-BEEF-B409416598CE}.Debug|Any CPU.Build.0 = Debug|Any CPU
		{541874B3-E397-400E-BEEF-B409416598CE}.Release|Any CPU.ActiveCfg = Release|Any CPU
		{541874B3-E397-400E-BEEF-B409416598CE}.Release|Any CPU.Build.0 = Release|Any CPU
		{8B350328-7A5D-4657-A35F-65F0848135EE}.Debug|Any CPU.ActiveCfg = Debug|Any CPU
		{8B350328-7A5D-4657-A35F-65F0848135EE}.Debug|Any CPU.Build.0 = Debug|Any CPU
		{8B350328-7A5D-4657-A35F-65F0848135EE}.Release|Any CPU.ActiveCfg = Release|Any CPU
		{8B350328-7A5D-4657-A35F-65F0848135EE}.Release|Any CPU.Build.0 = Release|Any CPU
		{05F3986D-E7DE-4593-BDC3-46872C4B7DBD}.Debug|Any CPU.ActiveCfg = Debug|Any CPU
		{05F3986D-E7DE-4593-BDC3-46872C4B7DBD}.Debug|Any CPU.Build.0 = Debug|Any CPU
		{05F3986D-E7DE-4593-BDC3-46872C4B7DBD}.Release|Any CPU.ActiveCfg = Release|Any CPU
		{05F3986D-E7DE-4593-BDC3-46872C4B7DBD}.Release|Any CPU.Build.0 = Release|Any CPU
		{C58B9DAA-ACAA-4437-A31E-5208F40DEAF3}.Debug|Any CPU.ActiveCfg = Debug|Any CPU
		{C58B9DAA-ACAA-4437-A31E-5208F40DEAF3}.Debug|Any CPU.Build.0 = Debug|Any CPU
		{C58B9DAA-ACAA-4437-A31E-5208F40DEAF3}.Release|Any CPU.ActiveCfg = Release|Any CPU
		{C58B9DAA-ACAA-4437-A31E-5208F40DEAF3}.Release|Any CPU.Build.0 = Release|Any CPU
	EndGlobalSection
EndGlobal
